
Microsoft Visual Studio Solution File, Format Version 12.00
# Visual Studio 15
VisualStudioVersion = 15.0.27428.2015
MinimumVisualStudioVersion = 10.0.40219.1
Project("{9A19103F-16F7-4668-BE54-9A1E7A4F7556}") = "Web", "Web\Web.csproj", "{8C201734-69EC-498B-9606-A4E235837FF2}"
EndProject
Project("{FAE04EC0-301F-11D3-BF4B-00C04F79EFBC}") = "DataAccess", "DataAccess\DataAccess.csproj", "{6AA48BF1-BDD8-49FC-B16A-3FA299F9C4D6}"
EndProject
Global
	GlobalSection(SolutionConfigurationPlatforms) = preSolution
		Debug|Any CPU = Debug|Any CPU
		Release|Any CPU = Release|Any CPU
	EndGlobalSection
	GlobalSection(ProjectConfigurationPlatforms) = postSolution
		{8C201734-69EC-498B-9606-A4E235837FF2}.Debug|Any CPU.ActiveCfg = Debug|Any CPU
		{8C201734-69EC-498B-9606-A4E235837FF2}.Debug|Any CPU.Build.0 = Debug|Any CPU
		{8C201734-69EC-498B-9606-A4E235837FF2}.Release|Any CPU.ActiveCfg = Release|Any CPU
		{8C201734-69EC-498B-9606-A4E235837FF2}.Release|Any CPU.Build.0 = Release|Any CPU
		{6AA48BF1-BDD8-49FC-B16A-3FA299F9C4D6}.Debug|Any CPU.ActiveCfg = Debug|Any CPU
		{6AA48BF1-BDD8-49FC-B16A-3FA299F9C4D6}.Debug|Any CPU.Build.0 = Debug|Any CPU
		{6AA48BF1-BDD8-49FC-B16A-3FA299F9C4D6}.Release|Any CPU.ActiveCfg = Release|Any CPU
		{6AA48BF1-BDD8-49FC-B16A-3FA299F9C4D6}.Release|Any CPU.Build.0 = Release|Any CPU
	EndGlobalSection
	GlobalSection(SolutionProperties) = preSolution
		HideSolutionNode = FALSE
	EndGlobalSection
	GlobalSection(ExtensibilityGlobals) = postSolution
		SolutionGuid = {7F658275-ACA3-4F67-BBCA-FF0BEC442DB5}
	EndGlobalSection
EndGlobal
